// !$*UTF8*$!
{
	archiveVersion = 1;
	classes = {
	};
	objectVersion = 48;
	objects = {

/* Begin PBXBuildFile section */
		6F07051D200A53BA00548FC4 /* AppDelegate.m in Sources */ = {isa = PBXBuildFile; fileRef = 6F07051C200A53BA00548FC4 /* AppDelegate.m */; };
		6F070520200A53BA00548FC4 /* ViewController.m in Sources */ = {isa = PBXBuildFile; fileRef = 6F07051F200A53BA00548FC4 /* ViewController.m */; };
		6F070523200A53BA00548FC4 /* Main.storyboard in Resources */ = {isa = PBXBuildFile; fileRef = 6F070521200A53BA00548FC4 /* Main.storyboard */; };
		6F070525200A53BA00548FC4 /* Assets.xcassets in Resources */ = {isa = PBXBuildFile; fileRef = 6F070524200A53BA00548FC4 /* Assets.xcassets */; };
		6F070528200A53BA00548FC4 /* LaunchScreen.storyboard in Resources */ = {isa = PBXBuildFile; fileRef = 6F070526200A53BA00548FC4 /* LaunchScreen.storyboard */; };
		6F07052B200A53BA00548FC4 /* main.m in Sources */ = {isa = PBXBuildFile; fileRef = 6F07052A200A53BA00548FC4 /* main.m */; };
		6F070535200A53BA00548FC4 /* RACDemoTests.m in Sources */ = {isa = PBXBuildFile; fileRef = 6F070534200A53BA00548FC4 /* RACDemoTests.m */; };
		6F070540200A53BA00548FC4 /* RACDemoUITests.m in Sources */ = {isa = PBXBuildFile; fileRef = 6F07053F200A53BA00548FC4 /* RACDemoUITests.m */; };
		6F07B36B2029A6D400F6BEFC /* RACView.m in Sources */ = {isa = PBXBuildFile; fileRef = 6F07B36A2029A6D400F6BEFC /* RACView.m */; };
		6F2AC850204AE93A000D70C1 /* LoginViewModel.m in Sources */ = {isa = PBXBuildFile; fileRef = 6F2AC84F204AE93A000D70C1 /* LoginViewModel.m */; };
		6FFABC7E2040F57400393FF4 /* TestViewController.m in Sources */ = {isa = PBXBuildFile; fileRef = 6FFABC7D2040F57400393FF4 /* TestViewController.m */; };
		BC04983DA5BAF1D44D131A7D /* Pods_RACDemo.framework in Frameworks */ = {isa = PBXBuildFile; fileRef = A39C0653670D2F99527436FF /* Pods_RACDemo.framework */; };
/* End PBXBuildFile section */

/* Begin PBXContainerItemProxy section */
		6F070531200A53BA00548FC4 /* PBXContainerItemProxy */ = {
			isa = PBXContainerItemProxy;
			containerPortal = 6F070510200A53BA00548FC4 /* Project object */;
			proxyType = 1;
			remoteGlobalIDString = 6F070517200A53BA00548FC4;
			remoteInfo = RACDemo;
		};
		6F07053C200A53BA00548FC4 /* PBXContainerItemProxy */ = {
			isa = PBXContainerItemProxy;
			containerPortal = 6F070510200A53BA00548FC4 /* Project object */;
			proxyType = 1;
			remoteGlobalIDString = 6F070517200A53BA00548FC4;
			remoteInfo = RACDemo;
		};
/* End PBXContainerItemProxy section */

/* Begin PBXFileReference section */
		6F070518200A53BA00548FC4 /* RACDemo.app */ = {isa = PBXFileReference; explicitFileType = wrapper.application; includeInIndex = 0; path = RACDemo.app; sourceTree = BUILT_PRODUCTS_DIR; };
		6F07051B200A53BA00548FC4 /* AppDelegate.h */ = {isa = PBXFileReference; lastKnownFileType = sourcecode.c.h; path = AppDelegate.h; sourceTree = "<group>"; };
		6F07051C200A53BA00548FC4 /* AppDelegate.m */ = {isa = PBXFileReference; lastKnownFileType = sourcecode.c.objc; path = AppDelegate.m; sourceTree = "<group>"; };
		6F07051E200A53BA00548FC4 /* ViewController.h */ = {isa = PBXFileReference; lastKnownFileType = sourcecode.c.h; path = ViewController.h; sourceTree = "<group>"; };
		6F07051F200A53BA00548FC4 /* ViewController.m */ = {isa = PBXFileReference; lastKnownFileType = sourcecode.c.objc; path = ViewController.m; sourceTree = "<group>"; };
		6F070522200A53BA00548FC4 /* Base */ = {isa = PBXFileReference; lastKnownFileType = file.storyboard; name = Base; path = Base.lproj/Main.storyboard; sourceTree = "<group>"; };
		6F070524200A53BA00548FC4 /* Assets.xcassets */ = {isa = PBXFileReference; lastKnownFileType = folder.assetcatalog; path = Assets.xcassets; sourceTree = "<group>"; };
		6F070527200A53BA00548FC4 /* Base */ = {isa = PBXFileReference; lastKnownFileType = file.storyboard; name = Base; path = Base.lproj/LaunchScreen.storyboard; sourceTree = "<group>"; };
		6F070529200A53BA00548FC4 /* Info.plist */ = {isa = PBXFileReference; lastKnownFileType = text.plist.xml; path = Info.plist; sourceTree = "<group>"; };
		6F07052A200A53BA00548FC4 /* main.m */ = {isa = PBXFileReference; lastKnownFileType = sourcecode.c.objc; path = main.m; sourceTree = "<group>"; };
		6F070530200A53BA00548FC4 /* RACDemoTests.xctest */ = {isa = PBXFileReference; explicitFileType = wrapper.cfbundle; includeInIndex = 0; path = RACDemoTests.xctest; sourceTree = BUILT_PRODUCTS_DIR; };
		6F070534200A53BA00548FC4 /* RACDemoTests.m */ = {isa = PBXFileReference; lastKnownFileType = sourcecode.c.objc; path = RACDemoTests.m; sourceTree = "<group>"; };
		6F070536200A53BA00548FC4 /* Info.plist */ = {isa = PBXFileReference; lastKnownFileType = text.plist.xml; path = Info.plist; sourceTree = "<group>"; };
		6F07053B200A53BA00548FC4 /* RACDemoUITests.xctest */ = {isa = PBXFileReference; explicitFileType = wrapper.cfbundle; includeInIndex = 0; path = RACDemoUITests.xctest; sourceTree = BUILT_PRODUCTS_DIR; };
		6F07053F200A53BA00548FC4 /* RACDemoUITests.m */ = {isa = PBXFileReference; lastKnownFileType = sourcecode.c.objc; path = RACDemoUITests.m; sourceTree = "<group>"; };
		6F070541200A53BA00548FC4 /* Info.plist */ = {isa = PBXFileReference; lastKnownFileType = text.plist.xml; path = Info.plist; sourceTree = "<group>"; };
		6F07B3692029A6D400F6BEFC /* RACView.h */ = {isa = PBXFileReference; lastKnownFileType = sourcecode.c.h; path = RACView.h; sourceTree = "<group>"; };
		6F07B36A2029A6D400F6BEFC /* RACView.m */ = {isa = PBXFileReference; lastKnownFileType = sourcecode.c.objc; path = RACView.m; sourceTree = "<group>"; };
		6F2AC84E204AE93A000D70C1 /* LoginViewModel.h */ = {isa = PBXFileReference; lastKnownFileType = sourcecode.c.h; path = LoginViewModel.h; sourceTree = "<group>"; };
		6F2AC84F204AE93A000D70C1 /* LoginViewModel.m */ = {isa = PBXFileReference; lastKnownFileType = sourcecode.c.objc; path = LoginViewModel.m; sourceTree = "<group>"; };
		6FFABC7C2040F57400393FF4 /* TestViewController.h */ = {isa = PBXFileReference; lastKnownFileType = sourcecode.c.h; path = TestViewController.h; sourceTree = "<group>"; };
		6FFABC7D2040F57400393FF4 /* TestViewController.m */ = {isa = PBXFileReference; lastKnownFileType = sourcecode.c.objc; path = TestViewController.m; sourceTree = "<group>"; };
		A39C0653670D2F99527436FF /* Pods_RACDemo.framework */ = {isa = PBXFileReference; explicitFileType = wrapper.framework; includeInIndex = 0; path = Pods_RACDemo.framework; sourceTree = BUILT_PRODUCTS_DIR; };
		A96702D30A9CB9F5B8C05A41 /* Pods-RACDemo.debug.xcconfig */ = {isa = PBXFileReference; includeInIndex = 1; lastKnownFileType = text.xcconfig; name = "Pods-RACDemo.debug.xcconfig"; path = "Pods/Target Support Files/Pods-RACDemo/Pods-RACDemo.debug.xcconfig"; sourceTree = "<group>"; };
		F127F932C8FC3F7A5E33BA9B /* Pods-RACDemo.release.xcconfig */ = {isa = PBXFileReference; includeInIndex = 1; lastKnownFileType = text.xcconfig; name = "Pods-RACDemo.release.xcconfig"; path = "Pods/Target Support Files/Pods-RACDemo/Pods-RACDemo.release.xcconfig"; sourceTree = "<group>"; };
/* End PBXFileReference section */

/* Begin PBXFrameworksBuildPhase section */
		6F070515200A53BA00548FC4 /* Frameworks */ = {
			isa = PBXFrameworksBuildPhase;
			buildActionMask = 2147483647;
			files = (
				BC04983DA5BAF1D44D131A7D /* Pods_RACDemo.framework in Frameworks */,
			);
			runOnlyForDeploymentPostprocessing = 0;
		};
		6F07052D200A53BA00548FC4 /* Frameworks */ = {
			isa = PBXFrameworksBuildPhase;
			buildActionMask = 2147483647;
			files = (
			);
			runOnlyForDeploymentPostprocessing = 0;
		};
		6F070538200A53BA00548FC4 /* Frameworks */ = {
			isa = PBXFrameworksBuildPhase;
			buildActionMask = 2147483647;
			files = (
			);
			runOnlyForDeploymentPostprocessing = 0;
		};
/* End PBXFrameworksBuildPhase section */

/* Begin PBXGroup section */
		21D9F26CBA567B472EF4C81B /* Frameworks */ = {
			isa = PBXGroup;
			children = (
				A39C0653670D2F99527436FF /* Pods_RACDemo.framework */,
			);
			name = Frameworks;
			sourceTree = "<group>";
		};
		3FBA36F5BA5DF19F628D14E1 /* Pods */ = {
			isa = PBXGroup;
			children = (
				A96702D30A9CB9F5B8C05A41 /* Pods-RACDemo.debug.xcconfig */,
				F127F932C8FC3F7A5E33BA9B /* Pods-RACDemo.release.xcconfig */,
			);
			name = Pods;
			sourceTree = "<group>";
		};
		6F07050F200A53BA00548FC4 = {
			isa = PBXGroup;
			children = (
				6F07051A200A53BA00548FC4 /* RACDemo */,
				6F070533200A53BA00548FC4 /* RACDemoTests */,
				6F07053E200A53BA00548FC4 /* RACDemoUITests */,
				6F070519200A53BA00548FC4 /* Products */,
				3FBA36F5BA5DF19F628D14E1 /* Pods */,
				21D9F26CBA567B472EF4C81B /* Frameworks */,
			);
			sourceTree = "<group>";
		};
		6F070519200A53BA00548FC4 /* Products */ = {
			isa = PBXGroup;
			children = (
				6F070518200A53BA00548FC4 /* RACDemo.app */,
				6F070530200A53BA00548FC4 /* RACDemoTests.xctest */,
				6F07053B200A53BA00548FC4 /* RACDemoUITests.xctest */,
			);
			name = Products;
			sourceTree = "<group>";
		};
		6F07051A200A53BA00548FC4 /* RACDemo */ = {
			isa = PBXGroup;
			children = (
				6F07051B200A53BA00548FC4 /* AppDelegate.h */,
				6F07051C200A53BA00548FC4 /* AppDelegate.m */,
				6F07051E200A53BA00548FC4 /* ViewController.h */,
				6F07051F200A53BA00548FC4 /* ViewController.m */,
				6F070521200A53BA00548FC4 /* Main.storyboard */,
				6F070524200A53BA00548FC4 /* Assets.xcassets */,
				6F070526200A53BA00548FC4 /* LaunchScreen.storyboard */,
				6F070529200A53BA00548FC4 /* Info.plist */,
				6F07052A200A53BA00548FC4 /* main.m */,
				6F07B3692029A6D400F6BEFC /* RACView.h */,
				6F07B36A2029A6D400F6BEFC /* RACView.m */,
				6FFABC7C2040F57400393FF4 /* TestViewController.h */,
				6FFABC7D2040F57400393FF4 /* TestViewController.m */,
				6F2AC84E204AE93A000D70C1 /* LoginViewModel.h */,
				6F2AC84F204AE93A000D70C1 /* LoginViewModel.m */,
			);
			path = RACDemo;
			sourceTree = "<group>";
		};
		6F070533200A53BA00548FC4 /* RACDemoTests */ = {
			isa = PBXGroup;
			children = (
				6F070534200A53BA00548FC4 /* RACDemoTests.m */,
				6F070536200A53BA00548FC4 /* Info.plist */,
			);
			path = RACDemoTests;
			sourceTree = "<group>";
		};
		6F07053E200A53BA00548FC4 /* RACDemoUITests */ = {
			isa = PBXGroup;
			children = (
				6F07053F200A53BA00548FC4 /* RACDemoUITests.m */,
				6F070541200A53BA00548FC4 /* Info.plist */,
			);
			path = RACDemoUITests;
			sourceTree = "<group>";
		};
/* End PBXGroup section */

/* Begin PBXNativeTarget section */
		6F070517200A53BA00548FC4 /* RACDemo */ = {
			isa = PBXNativeTarget;
			buildConfigurationList = 6F070544200A53BA00548FC4 /* Build configuration list for PBXNativeTarget "RACDemo" */;
			buildPhases = (
				17824C1578BEB8536522F2B6 /* [CP] Check Pods Manifest.lock */,
				6F070514200A53BA00548FC4 /* Sources */,
				6F070515200A53BA00548FC4 /* Frameworks */,
				6F070516200A53BA00548FC4 /* Resources */,
				422C67E7299DCABB2DA73B71 /* [CP] Embed Pods Frameworks */,
				313B3C160B081BD67BED1EB3 /* [CP] Copy Pods Resources */,
			);
			buildRules = (
			);
			dependencies = (
			);
			name = RACDemo;
			productName = RACDemo;
			productReference = 6F070518200A53BA00548FC4 /* RACDemo.app */;
			productType = "com.apple.product-type.application";
		};
		6F07052F200A53BA00548FC4 /* RACDemoTests */ = {
			isa = PBXNativeTarget;
			buildConfigurationList = 6F070547200A53BA00548FC4 /* Build configuration list for PBXNativeTarget "RACDemoTests" */;
			buildPhases = (
				6F07052C200A53BA00548FC4 /* Sources */,
				6F07052D200A53BA00548FC4 /* Frameworks */,
				6F07052E200A53BA00548FC4 /* Resources */,
			);
			buildRules = (
			);
			dependencies = (
				6F070532200A53BA00548FC4 /* PBXTargetDependency */,
			);
			name = RACDemoTests;
			productName = RACDemoTests;
			productReference = 6F070530200A53BA00548FC4 /* RACDemoTests.xctest */;
			productType = "com.apple.product-type.bundle.unit-test";
		};
		6F07053A200A53BA00548FC4 /* RACDemoUITests */ = {
			isa = PBXNativeTarget;
			buildConfigurationList = 6F07054A200A53BA00548FC4 /* Build configuration list for PBXNativeTarget "RACDemoUITests" */;
			buildPhases = (
				6F070537200A53BA00548FC4 /* Sources */,
				6F070538200A53BA00548FC4 /* Frameworks */,
				6F070539200A53BA00548FC4 /* Resources */,
			);
			buildRules = (
			);
			dependencies = (
				6F07053D200A53BA00548FC4 /* PBXTargetDependency */,
			);
			name = RACDemoUITests;
			productName = RACDemoUITests;
			productReference = 6F07053B200A53BA00548FC4 /* RACDemoUITests.xctest */;
			productType = "com.apple.product-type.bundle.ui-testing";
		};
/* End PBXNativeTarget section */

/* Begin PBXProject section */
		6F070510200A53BA00548FC4 /* Project object */ = {
			isa = PBXProject;
			attributes = {
				LastUpgradeCheck = 0900;
				ORGANIZATIONNAME = Young;
				TargetAttributes = {
					6F070517200A53BA00548FC4 = {
						CreatedOnToolsVersion = 9.0.1;
						ProvisioningStyle = Automatic;
					};
					6F07052F200A53BA00548FC4 = {
						CreatedOnToolsVersion = 9.0.1;
						ProvisioningStyle = Automatic;
						TestTargetID = 6F070517200A53BA00548FC4;
					};
					6F07053A200A53BA00548FC4 = {
						CreatedOnToolsVersion = 9.0.1;
						ProvisioningStyle = Automatic;
						TestTargetID = 6F070517200A53BA00548FC4;
					};
				};
			};
			buildConfigurationList = 6F070513200A53BA00548FC4 /* Build configuration list for PBXProject "RACDemo" */;
			compatibilityVersion = "Xcode 8.0";
			developmentRegion = en;
			hasScannedForEncodings = 0;
			knownRegions = (
				en,
				Base,
			);
			mainGroup = 6F07050F200A53BA00548FC4;
			productRefGroup = 6F070519200A53BA00548FC4 /* Products */;
			projectDirPath = "";
			projectRoot = "";
			targets = (
				6F070517200A53BA00548FC4 /* RACDemo */,
				6F07052F200A53BA00548FC4 /* RACDemoTests */,
				6F07053A200A53BA00548FC4 /* RACDemoUITests */,
			);
		};
/* End PBXProject section */

/* Begin PBXResourcesBuildPhase section */
		6F070516200A53BA00548FC4 /* Resources */ = {
			isa = PBXResourcesBuildPhase;
			buildActionMask = 2147483647;
			files = (
				6F070528200A53BA00548FC4 /* LaunchScreen.storyboard in Resources */,
				6F070525200A53BA00548FC4 /* Assets.xcassets in Resources */,
				6F070523200A53BA00548FC4 /* Main.storyboard in Resources */,
			);
			runOnlyForDeploymentPostprocessing = 0;
		};
		6F07052E200A53BA00548FC4 /* Resources */ = {
			isa = PBXResourcesBuildPhase;
			buildActionMask = 2147483647;
			files = (
			);
			runOnlyForDeploymentPostprocessing = 0;
		};
		6F070539200A53BA00548FC4 /* Resources */ = {
			isa = PBXResourcesBuildPhase;
			buildActionMask = 2147483647;
			files = (
			);
			runOnlyForDeploymentPostprocessing = 0;
		};
/* End PBXResourcesBuildPhase section */

/* Begin PBXShellScriptBuildPhase section */
		17824C1578BEB8536522F2B6 /* [CP] Check Pods Manifest.lock */ = {
			isa = PBXShellScriptBuildPhase;
			buildActionMask = 2147483647;
			files = (
			);
			inputPaths = (
				"${PODS_PODFILE_DIR_PATH}/Podfile.lock",
				"${PODS_ROOT}/Manifest.lock",
			);
			name = "[CP] Check Pods Manifest.lock";
			outputPaths = (
				"$(DERIVED_FILE_DIR)/Pods-RACDemo-checkManifestLockResult.txt",
			);
			runOnlyForDeploymentPostprocessing = 0;
			shellPath = /bin/sh;
			shellScript = "diff \"${PODS_PODFILE_DIR_PATH}/Podfile.lock\" \"${PODS_ROOT}/Manifest.lock\" > /dev/null\nif [ $? != 0 ] ; then\n    # print error to STDERR\n    echo \"error: The sandbox is not in sync with the Podfile.lock. Run 'pod install' or update your CocoaPods installation.\" >&2\n    exit 1\nfi\n# This output is used by Xcode 'outputs' to avoid re-running this script phase.\necho \"SUCCESS\" > \"${SCRIPT_OUTPUT_FILE_0}\"\n";
			showEnvVarsInLog = 0;
		};
		313B3C160B081BD67BED1EB3 /* [CP] Copy Pods Resources */ = {
			isa = PBXShellScriptBuildPhase;
			buildActionMask = 2147483647;
			files = (
			);
			inputPaths = (
			);
			name = "[CP] Copy Pods Resources";
			outputPaths = (
			);
			runOnlyForDeploymentPostprocessing = 0;
			shellPath = /bin/sh;
			shellScript = "\"${SRCROOT}/Pods/Target Support Files/Pods-RACDemo/Pods-RACDemo-resources.sh\"\n";
			showEnvVarsInLog = 0;
		};
		422C67E7299DCABB2DA73B71 /* [CP] Embed Pods Frameworks */ = {
			isa = PBXShellScriptBuildPhase;
			buildActionMask = 2147483647;
			files = (
			);
			inputPaths = (
				"${SRCROOT}/Pods/Target Support Files/Pods-RACDemo/Pods-RACDemo-frameworks.sh",
				"${BUILT_PRODUCTS_DIR}/ReactiveObjC/ReactiveObjC.framework",
			);
			name = "[CP] Embed Pods Frameworks";
			outputPaths = (
				"${TARGET_BUILD_DIR}/${FRAMEWORKS_FOLDER_PATH}/ReactiveObjC.framework",
			);
			runOnlyForDeploymentPostprocessing = 0;
			shellPath = /bin/sh;
			shellScript = "\"${SRCROOT}/Pods/Target Support Files/Pods-RACDemo/Pods-RACDemo-frameworks.sh\"\n";
			showEnvVarsInLog = 0;
		};
/* End PBXShellScriptBuildPhase section */

/* Begin PBXSourcesBuildPhase section */
		6F070514200A53BA00548FC4 /* Sources */ = {
			isa = PBXSourcesBuildPhase;
			buildActionMask = 2147483647;
			files = (
				6F070520200A53BA00548FC4 /* ViewController.m in Sources */,
				6F07B36B2029A6D400F6BEFC /* RACView.m in Sources */,
				6F2AC850204AE93A000D70C1 /* LoginViewModel.m in Sources */,
				6F07052B200A53BA00548FC4 /* main.m in Sources */,
				6F07051D200A53BA00548FC4 /* AppDelegate.m in Sources */,
				6FFABC7E2040F57400393FF4 /* TestViewController.m in Sources */,
			);
			runOnlyForDeploymentPostprocessing = 0;
		};
		6F07052C200A53BA00548FC4 /* Sources */ = {
			isa = PBXSourcesBuildPhase;
			buildActionMask = 2147483647;
			files = (
				6F070535200A53BA00548FC4 /* RACDemoTests.m in Sources */,
			);
			runOnlyForDeploymentPostprocessing = 0;
		};
		6F070537200A53BA00548FC4 /* Sources */ = {
			isa = PBXSourcesBuildPhase;
			buildActionMask = 2147483647;
			files = (
				6F070540200A53BA00548FC4 /* RACDemoUITests.m in Sources */,
			);
			runOnlyForDeploymentPostprocessing = 0;
		};
/* End PBXSourcesBuildPhase section */

/* Begin PBXTargetDependency section */
		6F070532200A53BA00548FC4 /* PBXTargetDependency */ = {
			isa = PBXTargetDependency;
			target = 6F070517200A53BA00548FC4 /* RACDemo */;
			targetProxy = 6F070531200A53BA00548FC4 /* PBXContainerItemProxy */;
		};
		6F07053D200A53BA00548FC4 /* PBXTargetDependency */ = {
			isa = PBXTargetDependency;
			target = 6F070517200A53BA00548FC4 /* RACDemo */;
			targetProxy = 6F07053C200A53BA00548FC4 /* PBXContainerItemProxy */;
		};
/* End PBXTargetDependency section */

/* Begin PBXVariantGroup section */
		6F070521200A53BA00548FC4 /* Main.storyboard */ = {
			isa = PBXVariantGroup;
			children = (
				6F070522200A53BA00548FC4 /* Base */,
			);
			name = Main.storyboard;
			sourceTree = "<group>";
		};
		6F070526200A53BA00548FC4 /* LaunchScreen.storyboard */ = {
			isa = PBXVariantGroup;
			children = (
				6F070527200A53BA00548FC4 /* Base */,
			);
			name = LaunchScreen.storyboard;
			sourceTree = "<group>";
		};
/* End PBXVariantGroup section */

/* Begin XCBuildConfiguration section */
		6F070542200A53BA00548FC4 /* Debug */ = {
			isa = XCBuildConfiguration;
			buildSettings = {
				ALWAYS_SEARCH_USER_PATHS = NO;
				CLANG_ANALYZER_NONNULL = YES;
				CLANG_ANALYZER_NUMBER_OBJECT_CONVERSION = YES_AGGRESSIVE;
				CLANG_CXX_LANGUAGE_STANDARD = "gnu++14";
				CLANG_CXX_LIBRARY = "libc++";
				CLANG_ENABLE_MODULES = YES;
				CLANG_ENABLE_OBJC_ARC = YES;
				CLANG_WARN_BLOCK_CAPTURE_AUTORELEASING = YES;
				CLANG_WARN_BOOL_CONVERSION = YES;
				CLANG_WARN_COMMA = YES;
				CLANG_WARN_CONSTANT_CONVERSION = YES;
				CLANG_WARN_DIRECT_OBJC_ISA_USAGE = YES_ERROR;
				CLANG_WARN_DOCUMENTATION_COMMENTS = YES;
				CLANG_WARN_EMPTY_BODY = YES;
				CLANG_WARN_ENUM_CONVERSION = YES;
				CLANG_WARN_INFINITE_RECURSION = YES;
				CLANG_WARN_INT_CONVERSION = YES;
				CLANG_WARN_NON_LITERAL_NULL_CONVERSION = YES;
				CLANG_WARN_OBJC_LITERAL_CONVERSION = YES;
				CLANG_WARN_OBJC_ROOT_CLASS = YES_ERROR;
				CLANG_WARN_RANGE_LOOP_ANALYSIS = YES;
				CLANG_WARN_STRICT_PROTOTYPES = YES;
				CLANG_WARN_SUSPICIOUS_MOVE = YES;
				CLANG_WARN_UNGUARDED_AVAILABILITY = YES_AGGRESSIVE;
				CLANG_WARN_UNREACHABLE_CODE = YES;
				CLANG_WARN__DUPLICATE_METHOD_MATCH = YES;
				CODE_SIGN_IDENTITY = "iPhone Developer";
				COPY_PHASE_STRIP = NO;
				DEBUG_INFORMATION_FORMAT = dwarf;
				ENABLE_STRICT_OBJC_MSGSEND = YES;
				ENABLE_TESTABILITY = YES;
				GCC_C_LANGUAGE_STANDARD = gnu11;
				GCC_DYNAMIC_NO_PIC = NO;
				GCC_NO_COMMON_BLOCKS = YES;
				GCC_OPTIMIZATION_LEVEL = 0;
				GCC_PREPROCESSOR_DEFINITIONS = (
					"DEBUG=1",
					"$(inherited)",
				);
				GCC_WARN_64_TO_32_BIT_CONVERSION = YES;
				GCC_WARN_ABOUT_RETURN_TYPE = YES_ERROR;
				GCC_WARN_UNDECLARED_SELECTOR = YES;
				GCC_WARN_UNINITIALIZED_AUTOS = YES_AGGRESSIVE;
				GCC_WARN_UNUSED_FUNCTION = YES;
				GCC_WARN_UNUSED_VARIABLE = YES;
				IPHONEOS_DEPLOYMENT_TARGET = 11.0;
				MTL_ENABLE_DEBUG_INFO = YES;
				ONLY_ACTIVE_ARCH = YES;
				SDKROOT = iphoneos;
			};
			name = Debug;
		};
		6F070543200A53BA00548FC4 /* Release */ = {
			isa = XCBuildConfiguration;
			buildSettings = {
				ALWAYS_SEARCH_USER_PATHS = NO;
				CLANG_ANALYZER_NONNULL = YES;
				CLANG_ANALYZER_NUMBER_OBJECT_CONVERSION = YES_AGGRESSIVE;
				CLANG_CXX_LANGUAGE_STANDARD = "gnu++14";
				CLANG_CXX_LIBRARY = "libc++";
				CLANG_ENABLE_MODULES = YES;
				CLANG_ENABLE_OBJC_ARC = YES;
				CLANG_WARN_BLOCK_CAPTURE_AUTORELEASING = YES;
				CLANG_WARN_BOOL_CONVERSION = YES;
				CLANG_WARN_COMMA = YES;
				CLANG_WARN_CONSTANT_CONVERSION = YES;
				CLANG_WARN_DIRECT_OBJC_ISA_USAGE = YES_ERROR;
				CLANG_WARN_DOCUMENTATION_COMMENTS = YES;
				CLANG_WARN_EMPTY_BODY = YES;
				CLANG_WARN_ENUM_CONVERSION = YES;
				CLANG_WARN_INFINITE_RECURSION = YES;
				CLANG_WARN_INT_CONVERSION = YES;
				CLANG_WARN_NON_LITERAL_NULL_CONVERSION = YES;
				CLANG_WARN_OBJC_LITERAL_CONVERSION = YES;
				CLANG_WARN_OBJC_ROOT_CLASS = YES_ERROR;
				CLANG_WARN_RANGE_LOOP_ANALYSIS = YES;
				CLANG_WARN_STRICT_PROTOTYPES = YES;
				CLANG_WARN_SUSPICIOUS_MOVE = YES;
				CLANG_WARN_UNGUARDED_AVAILABILITY = YES_AGGRESSIVE;
				CLANG_WARN_UNREACHABLE_CODE = YES;
				CLANG_WARN__DUPLICATE_METHOD_MATCH = YES;
				CODE_SIGN_IDENTITY = "iPhone Developer";
				COPY_PHASE_STRIP = NO;
				DEBUG_INFORMATION_FORMAT = "dwarf-with-dsym";
				ENABLE_NS_ASSERTIONS = NO;
				ENABLE_STRICT_OBJC_MSGSEND = YES;
				GCC_C_LANGUAGE_STANDARD = gnu11;
				GCC_NO_COMMON_BLOCKS = YES;
				GCC_WARN_64_TO_32_BIT_CONVERSION = YES;
				GCC_WARN_ABOUT_RETURN_TYPE = YES_ERROR;
				GCC_WARN_UNDECLARED_SELECTOR = YES;
				GCC_WARN_UNINITIALIZED_AUTOS = YES_AGGRESSIVE;
				GCC_WARN_UNUSED_FUNCTION = YES;
				GCC_WARN_UNUSED_VARIABLE = YES;
				IPHONEOS_DEPLOYMENT_TARGET = 11.0;
				MTL_ENABLE_DEBUG_INFO = NO;
				SDKROOT = iphoneos;
				VALIDATE_PRODUCT = YES;
			};
			name = Release;
		};
		6F070545200A53BA00548FC4 /* Debug */ = {
			isa = XCBuildConfiguration;
			baseConfigurationReference = A96702D30A9CB9F5B8C05A41 /* Pods-RACDemo.debug.xcconfig */;
			buildSettings = {
				ASSETCATALOG_COMPILER_APPICON_NAME = AppIcon;
				CODE_SIGN_STYLE = Automatic;
				INFOPLIST_FILE = RACDemo/Info.plist;
				LD_RUNPATH_SEARCH_PATHS = "$(inherited) @executable_path/Frameworks";
				PRODUCT_BUNDLE_IDENTIFIER = com.leeyoung.racdemo.RACDemo;
				PRODUCT_NAME = "$(TARGET_NAME)";
				TARGETED_DEVICE_FAMILY = "1,2";
			};
			name = Debug;
		};
		6F070546200A53BA00548FC4 /* Release */ = {
			isa = XCBuildConfiguration;
			baseConfigurationReference = F127F932C8FC3F7A5E33BA9B /* Pods-RACDemo.release.xcconfig */;
			buildSettings = {
				ASSETCATALOG_COMPILER_APPICON_NAME = AppIcon;
				CODE_SIGN_STYLE = Automatic;
				INFOPLIST_FILE = RACDemo/Info.plist;
				LD_RUNPATH_SEARCH_PATHS = "$(inherited) @executable_path/Frameworks";
				PRODUCT_BUNDLE_IDENTIFIER = com.leeyoung.racdemo.RACDemo;
				PRODUCT_NAME = "$(TARGET_NAME)";
				TARGETED_DEVICE_FAMILY = "1,2";
			};
			name = Release;
		};
		6F070548200A53BA00548FC4 /* Debug */ = {
			isa = XCBuildConfiguration;
			buildSettings = {
				BUNDLE_LOADER = "$(TEST_HOST)";
				CODE_SIGN_STYLE = Automatic;
				INFOPLIST_FILE = RACDemoTests/Info.plist;
				LD_RUNPATH_SEARCH_PATHS = "$(inherited) @executable_path/Frameworks @loader_path/Frameworks";
				PRODUCT_BUNDLE_IDENTIFIER = com.leeyoung.racdemo.RACDemoTests;
				PRODUCT_NAME = "$(TARGET_NAME)";
				TARGETED_DEVICE_FAMILY = "1,2";
				TEST_HOST = "$(BUILT_PRODUCTS_DIR)/RACDemo.app/RACDemo";
			};
			name = Debug;
		};
		6F070549200A53BA00548FC4 /* Release */ = {
			isa = XCBuildConfiguration;
			buildSettings = {
				BUNDLE_LOADER = "$(TEST_HOST)";
				CODE_SIGN_STYLE = Automatic;
				INFOPLIST_FILE = RACDemoTests/Info.plist;
				LD_RUNPATH_SEARCH_PATHS = "$(inherited) @executable_path/Frameworks @loader_path/Frameworks";
				PRODUCT_BUNDLE_IDENTIFIER = com.leeyoung.racdemo.RACDemoTests;
				PRODUCT_NAME = "$(TARGET_NAME)";
				TARGETED_DEVICE_FAMILY = "1,2";
				TEST_HOST = "$(BUILT_PRODUCTS_DIR)/RACDemo.app/RACDemo";
			};
			name = Release;
		};
		6F07054B200A53BA00548FC4 /* Debug */ = {
			isa = XCBuildConfiguration;
			buildSettings = {
				CODE_SIGN_STYLE = Automatic;
				INFOPLIST_FILE = RACDemoUITests/Info.plist;
				LD_RUNPATH_SEARCH_PATHS = "$(inherited) @executable_path/Frameworks @loader_path/Frameworks";
				PRODUCT_BUNDLE_IDENTIFIER = com.leeyoung.racdemo.RACDemoUITests;
				PRODUCT_NAME = "$(TARGET_NAME)";
				TARGETED_DEVICE_FAMILY = "1,2";
				TEST_TARGET_NAME = RACDemo;
			};
			name = Debug;
		};
		6F07054C200A53BA00548FC4 /* Release */ = {
			isa = XCBuildConfiguration;
			buildSettings = {
				CODE_SIGN_STYLE = Automatic;
				INFOPLIST_FILE = RACDemoUITests/Info.plist;
				LD_RUNPATH_SEARCH_PATHS = "$(inherited) @executable_path/Frameworks @loader_path/Frameworks";
				PRODUCT_BUNDLE_IDENTIFIER = com.leeyoung.racdemo.RACDemoUITests;
				PRODUCT_NAME = "$(TARGET_NAME)";
				TARGETED_DEVICE_FAMILY = "1,2";
				TEST_TARGET_NAME = RACDemo;
			};
			name = Release;
		};
/* End XCBuildConfiguration section */

/* Begin XCConfigurationList section */
		6F070513200A53BA00548FC4 /* Build configuration list for PBXProject "RACDemo" */ = {
			isa = XCConfigurationList;
			buildConfigurations = (
				6F070542200A53BA00548FC4 /* Debug */,
				6F070543200A53BA00548FC4 /* Release */,
			);
			defaultConfigurationIsVisible = 0;
			defaultConfigurationName = Release;
		};
		6F070544200A53BA00548FC4 /* Build configuration list for PBXNativeTarget "RACDemo" */ = {
			isa = XCConfigurationList;
			buildConfigurations = (
				6F070545200A53BA00548FC4 /* Debug */,
				6F070546200A53BA00548FC4 /* Release */,
			);
			defaultConfigurationIsVisible = 0;
			defaultConfigurationName = Release;
		};
		6F070547200A53BA00548FC4 /* Build configuration list for PBXNativeTarget "RACDemoTests" */ = {
			isa = XCConfigurationList;
			buildConfigurations = (
				6F070548200A53BA00548FC4 /* Debug */,
				6F070549200A53BA00548FC4 /* Release */,
			);
			defaultConfigurationIsVisible = 0;
			defaultConfigurationName = Release;
		};
		6F07054A200A53BA00548FC4 /* Build configuration list for PBXNativeTarget "RACDemoUITests" */ = {
			isa = XCConfigurationList;
			buildConfigurations = (
				6F07054B200A53BA00548FC4 /* Debug */,
				6F07054C200A53BA00548FC4 /* Release */,
			);
			defaultConfigurationIsVisible = 0;
			defaultConfigurationName = Release;
		};
/* End XCConfigurationList section */
	};
	rootObject = 6F070510200A53BA00548FC4 /* Project object */;
}
